// !$*UTF8*$!
{
	archiveVersion = 1;
	classes = {
	};
	objectVersion = 46;
	objects = {

/* Begin PBXBuildFile section */
		407C9B0D1DE0EC3700BD0EF3 /* FancyView.swift in Sources */ = {isa = PBXBuildFile; fileRef = 407C9B0C1DE0EC3700BD0EF3 /* FancyView.swift */; };
		407C9B101DE0ECC200BD0EF3 /* Constants.swift in Sources */ = {isa = PBXBuildFile; fileRef = 407C9B0F1DE0ECC200BD0EF3 /* Constants.swift */; };
		407C9B121DE3388D00BD0EF3 /* RoundButton.swift in Sources */ = {isa = PBXBuildFile; fileRef = 407C9B111DE3388D00BD0EF3 /* RoundButton.swift */; };
		407C9B141DE33A3800BD0EF3 /* FancyField.swift in Sources */ = {isa = PBXBuildFile; fileRef = 407C9B131DE33A3800BD0EF3 /* FancyField.swift */; };
		407C9B161DE33B6400BD0EF3 /* FancyButton.swift in Sources */ = {isa = PBXBuildFile; fileRef = 407C9B151DE33B6400BD0EF3 /* FancyButton.swift */; };
		40C3EB941DDDF22D008C9820 /* AppDelegate.swift in Sources */ = {isa = PBXBuildFile; fileRef = 40C3EB931DDDF22D008C9820 /* AppDelegate.swift */; };
		40C3EB961DDDF22D008C9820 /* SignInVC.swift in Sources */ = {isa = PBXBuildFile; fileRef = 40C3EB951DDDF22D008C9820 /* SignInVC.swift */; };
		40C3EB991DDDF22E008C9820 /* Main.storyboard in Resources */ = {isa = PBXBuildFile; fileRef = 40C3EB971DDDF22E008C9820 /* Main.storyboard */; };
		40C3EB9B1DDDF22E008C9820 /* Assets.xcassets in Resources */ = {isa = PBXBuildFile; fileRef = 40C3EB9A1DDDF22E008C9820 /* Assets.xcassets */; };
		40C3EB9E1DDDF22E008C9820 /* LaunchScreen.storyboard in Resources */ = {isa = PBXBuildFile; fileRef = 40C3EB9C1DDDF22E008C9820 /* LaunchScreen.storyboard */; };
		40C3EBA61DDDF2AC008C9820 /* GoogleService-Info.plist in Resources */ = {isa = PBXBuildFile; fileRef = 40C3EBA51DDDF2AC008C9820 /* GoogleService-Info.plist */; };
		7F8C2E451E063D7D000B1606 /* CircleView.swift in Sources */ = {isa = PBXBuildFile; fileRef = 7F8C2E441E063D7D000B1606 /* CircleView.swift */; };
		7F8C2E471E06AAA1000B1606 /* PostCell.swift in Sources */ = {isa = PBXBuildFile; fileRef = 7F8C2E461E06AAA1000B1606 /* PostCell.swift */; };
		7FD42CA41DF9764B0060101A /* FeedVC.swift in Sources */ = {isa = PBXBuildFile; fileRef = 7FD42CA31DF9764B0060101A /* FeedVC.swift */; };
		B849A075D1F45237C4158A54 /* Pods_social_media_test.framework in Frameworks */ = {isa = PBXBuildFile; fileRef = 9E6489D6B386BB86C1D5D62F /* Pods_social_media_test.framework */; };
/* End PBXBuildFile section */

/* Begin PBXFileReference section */
		19388684A85B7E6E5724E473 /* Pods-social_media_test.release.xcconfig */ = {isa = PBXFileReference; includeInIndex = 1; lastKnownFileType = text.xcconfig; name = "Pods-social_media_test.release.xcconfig"; path = "Pods/Target Support Files/Pods-social_media_test/Pods-social_media_test.release.xcconfig"; sourceTree = "<group>"; };
		407C9B0C1DE0EC3700BD0EF3 /* FancyView.swift */ = {isa = PBXFileReference; fileEncoding = 4; lastKnownFileType = sourcecode.swift; path = FancyView.swift; sourceTree = "<group>"; };
		407C9B0F1DE0ECC200BD0EF3 /* Constants.swift */ = {isa = PBXFileReference; fileEncoding = 4; lastKnownFileType = sourcecode.swift; path = Constants.swift; sourceTree = "<group>"; };
		407C9B111DE3388D00BD0EF3 /* RoundButton.swift */ = {isa = PBXFileReference; fileEncoding = 4; lastKnownFileType = sourcecode.swift; path = RoundButton.swift; sourceTree = "<group>"; };
		407C9B131DE33A3800BD0EF3 /* FancyField.swift */ = {isa = PBXFileReference; fileEncoding = 4; lastKnownFileType = sourcecode.swift; path = FancyField.swift; sourceTree = "<group>"; };
		407C9B151DE33B6400BD0EF3 /* FancyButton.swift */ = {isa = PBXFileReference; fileEncoding = 4; lastKnownFileType = sourcecode.swift; path = FancyButton.swift; sourceTree = "<group>"; };
		407C9B171DE4824500BD0EF3 /* social_media_test.entitlements */ = {isa = PBXFileReference; lastKnownFileType = text.plist.entitlements; path = social_media_test.entitlements; sourceTree = "<group>"; };
		40C3EB901DDDF22D008C9820 /* social_media_test.app */ = {isa = PBXFileReference; explicitFileType = wrapper.application; includeInIndex = 0; path = social_media_test.app; sourceTree = BUILT_PRODUCTS_DIR; };
		40C3EB931DDDF22D008C9820 /* AppDelegate.swift */ = {isa = PBXFileReference; lastKnownFileType = sourcecode.swift; path = AppDelegate.swift; sourceTree = "<group>"; };
		40C3EB951DDDF22D008C9820 /* SignInVC.swift */ = {isa = PBXFileReference; lastKnownFileType = sourcecode.swift; path = SignInVC.swift; sourceTree = "<group>"; };
		40C3EB981DDDF22E008C9820 /* Base */ = {isa = PBXFileReference; lastKnownFileType = file.storyboard; name = Base; path = Base.lproj/Main.storyboard; sourceTree = "<group>"; };
		40C3EB9A1DDDF22E008C9820 /* Assets.xcassets */ = {isa = PBXFileReference; lastKnownFileType = folder.assetcatalog; path = Assets.xcassets; sourceTree = "<group>"; };
		40C3EB9D1DDDF22E008C9820 /* Base */ = {isa = PBXFileReference; lastKnownFileType = file.storyboard; name = Base; path = Base.lproj/LaunchScreen.storyboard; sourceTree = "<group>"; };
		40C3EB9F1DDDF22E008C9820 /* Info.plist */ = {isa = PBXFileReference; lastKnownFileType = text.plist.xml; path = Info.plist; sourceTree = "<group>"; };
		40C3EBA51DDDF2AC008C9820 /* GoogleService-Info.plist */ = {isa = PBXFileReference; fileEncoding = 4; lastKnownFileType = text.plist.xml; path = "GoogleService-Info.plist"; sourceTree = "<group>"; };
		7F8C2E441E063D7D000B1606 /* CircleView.swift */ = {isa = PBXFileReference; fileEncoding = 4; lastKnownFileType = sourcecode.swift; path = CircleView.swift; sourceTree = "<group>"; };
		7F8C2E461E06AAA1000B1606 /* PostCell.swift */ = {isa = PBXFileReference; fileEncoding = 4; lastKnownFileType = sourcecode.swift; path = PostCell.swift; sourceTree = "<group>"; };
		7FD42CA31DF9764B0060101A /* FeedVC.swift */ = {isa = PBXFileReference; fileEncoding = 4; lastKnownFileType = sourcecode.swift; path = FeedVC.swift; sourceTree = "<group>"; };
		9E6489D6B386BB86C1D5D62F /* Pods_social_media_test.framework */ = {isa = PBXFileReference; explicitFileType = wrapper.framework; includeInIndex = 0; path = Pods_social_media_test.framework; sourceTree = BUILT_PRODUCTS_DIR; };
		DD8B3A60EA312AB86050EED6 /* Pods-social_media_test.debug.xcconfig */ = {isa = PBXFileReference; includeInIndex = 1; lastKnownFileType = text.xcconfig; name = "Pods-social_media_test.debug.xcconfig"; path = "Pods/Target Support Files/Pods-social_media_test/Pods-social_media_test.debug.xcconfig"; sourceTree = "<group>"; };
/* End PBXFileReference section */

/* Begin PBXFrameworksBuildPhase section */
		40C3EB8D1DDDF22D008C9820 /* Frameworks */ = {
			isa = PBXFrameworksBuildPhase;
			buildActionMask = 2147483647;
			files = (
				B849A075D1F45237C4158A54 /* Pods_social_media_test.framework in Frameworks */,
			);
			runOnlyForDeploymentPostprocessing = 0;
		};
/* End PBXFrameworksBuildPhase section */

/* Begin PBXGroup section */
		39764B3C5AE33DBCF1992176 /* Frameworks */ = {
			isa = PBXGroup;
			children = (
				9E6489D6B386BB86C1D5D62F /* Pods_social_media_test.framework */,
			);
			name = Frameworks;
			sourceTree = "<group>";
		};
		3FDCD3AC4F415A9FFF1FA90B /* Pods */ = {
			isa = PBXGroup;
			children = (
				DD8B3A60EA312AB86050EED6 /* Pods-social_media_test.debug.xcconfig */,
				19388684A85B7E6E5724E473 /* Pods-social_media_test.release.xcconfig */,
			);
			name = Pods;
			sourceTree = "<group>";
		};
		407C9B0E1DE0ECAB00BD0EF3 /* Util */ = {
			isa = PBXGroup;
			children = (
				407C9B0F1DE0ECC200BD0EF3 /* Constants.swift */,
			);
			name = Util;
			sourceTree = "<group>";
		};
		40C3EB871DDDF22D008C9820 = {
			isa = PBXGroup;
			children = (
				40C3EB921DDDF22D008C9820 /* social_media_test */,
				40C3EB911DDDF22D008C9820 /* Products */,
				3FDCD3AC4F415A9FFF1FA90B /* Pods */,
				39764B3C5AE33DBCF1992176 /* Frameworks */,
			);
			sourceTree = "<group>";
		};
		40C3EB911DDDF22D008C9820 /* Products */ = {
			isa = PBXGroup;
			children = (
				40C3EB901DDDF22D008C9820 /* social_media_test.app */,
			);
			name = Products;
			sourceTree = "<group>";
		};
		40C3EB921DDDF22D008C9820 /* social_media_test */ = {
			isa = PBXGroup;
			children = (
				407C9B171DE4824500BD0EF3 /* social_media_test.entitlements */,
				407C9B0E1DE0ECAB00BD0EF3 /* Util */,
				40C3EBA91DDDF532008C9820 /* Controller */,
				40C3EBA81DDDF52A008C9820 /* View */,
				40C3EBA71DDDF522008C9820 /* Model */,
				40C3EB931DDDF22D008C9820 /* AppDelegate.swift */,
				40C3EB971DDDF22E008C9820 /* Main.storyboard */,
				40C3EB9A1DDDF22E008C9820 /* Assets.xcassets */,
				40C3EB9C1DDDF22E008C9820 /* LaunchScreen.storyboard */,
				40C3EB9F1DDDF22E008C9820 /* Info.plist */,
				40C3EBA51DDDF2AC008C9820 /* GoogleService-Info.plist */,
			);
			path = social_media_test;
			sourceTree = "<group>";
		};
		40C3EBA71DDDF522008C9820 /* Model */ = {
			isa = PBXGroup;
			children = (
			);
			name = Model;
			sourceTree = "<group>";
		};
		40C3EBA81DDDF52A008C9820 /* View */ = {
			isa = PBXGroup;
			children = (
				407C9B0C1DE0EC3700BD0EF3 /* FancyView.swift */,
				407C9B111DE3388D00BD0EF3 /* RoundButton.swift */,
				407C9B131DE33A3800BD0EF3 /* FancyField.swift */,
				407C9B151DE33B6400BD0EF3 /* FancyButton.swift */,
				7F8C2E441E063D7D000B1606 /* CircleView.swift */,
				7F8C2E461E06AAA1000B1606 /* PostCell.swift */,
			);
			name = View;
			sourceTree = "<group>";
		};
		40C3EBA91DDDF532008C9820 /* Controller */ = {
			isa = PBXGroup;
			children = (
				40C3EB951DDDF22D008C9820 /* SignInVC.swift */,
				7FD42CA31DF9764B0060101A /* FeedVC.swift */,
			);
			name = Controller;
			sourceTree = "<group>";
		};
/* End PBXGroup section */

/* Begin PBXNativeTarget section */
		40C3EB8F1DDDF22D008C9820 /* social_media_test */ = {
			isa = PBXNativeTarget;
			buildConfigurationList = 40C3EBA21DDDF22E008C9820 /* Build configuration list for PBXNativeTarget "social_media_test" */;
			buildPhases = (
				3F63BAE72AC65B48E4F18F9E /* [CP] Check Pods Manifest.lock */,
				40C3EB8C1DDDF22D008C9820 /* Sources */,
				40C3EB8D1DDDF22D008C9820 /* Frameworks */,
				40C3EB8E1DDDF22D008C9820 /* Resources */,
				0883D33A5A2345D1D84E1CD8 /* [CP] Embed Pods Frameworks */,
				9F2AFC87B608F2AC7606518C /* [CP] Copy Pods Resources */,
			);
			buildRules = (
			);
			dependencies = (
			);
			name = social_media_test;
			productName = social_media_test;
			productReference = 40C3EB901DDDF22D008C9820 /* social_media_test.app */;
			productType = "com.apple.product-type.application";
		};
/* End PBXNativeTarget section */

/* Begin PBXProject section */
		40C3EB881DDDF22D008C9820 /* Project object */ = {
			isa = PBXProject;
			attributes = {
				LastSwiftUpdateCheck = 0810;
				LastUpgradeCheck = 0820;
				ORGANIZATIONNAME = hnine;
				TargetAttributes = {
					40C3EB8F1DDDF22D008C9820 = {
						CreatedOnToolsVersion = 8.1;
						DevelopmentTeam = U32Q9DB8SF;
						ProvisioningStyle = Automatic;
						SystemCapabilities = {
							com.apple.Keychain = {
								enabled = 1;
							};
						};
					};
				};
			};
			buildConfigurationList = 40C3EB8B1DDDF22D008C9820 /* Build configuration list for PBXProject "social_media_test" */;
			compatibilityVersion = "Xcode 3.2";
			developmentRegion = English;
			hasScannedForEncodings = 0;
			knownRegions = (
				en,
				Base,
			);
			mainGroup = 40C3EB871DDDF22D008C9820;
			productRefGroup = 40C3EB911DDDF22D008C9820 /* Products */;
			projectDirPath = "";
			projectRoot = "";
			targets = (
				40C3EB8F1DDDF22D008C9820 /* social_media_test */,
			);
		};
/* End PBXProject section */

/* Begin PBXResourcesBuildPhase section */
		40C3EB8E1DDDF22D008C9820 /* Resources */ = {
			isa = PBXResourcesBuildPhase;
			buildActionMask = 2147483647;
			files = (
				40C3EB9E1DDDF22E008C9820 /* LaunchScreen.storyboard in Resources */,
				40C3EBA61DDDF2AC008C9820 /* GoogleService-Info.plist in Resources */,
				40C3EB9B1DDDF22E008C9820 /* Assets.xcassets in Resources */,
				40C3EB991DDDF22E008C9820 /* Main.storyboard in Resources */,
			);
			runOnlyForDeploymentPostprocessing = 0;
		};
/* End PBXResourcesBuildPhase section */

/* Begin PBXShellScriptBuildPhase section */
		0883D33A5A2345D1D84E1CD8 /* [CP] Embed Pods Frameworks */ = {
			isa = PBXShellScriptBuildPhase;
			buildActionMask = 2147483647;
			files = (
			);
			inputPaths = (
			);
			name = "[CP] Embed Pods Frameworks";
			outputPaths = (
			);
			runOnlyForDeploymentPostprocessing = 0;
			shellPath = /bin/sh;
			shellScript = "\"${SRCROOT}/Pods/Target Support Files/Pods-social_media_test/Pods-social_media_test-frameworks.sh\"\n";
			showEnvVarsInLog = 0;
		};
		3F63BAE72AC65B48E4F18F9E /* [CP] Check Pods Manifest.lock */ = {
			isa = PBXShellScriptBuildPhase;
			buildActionMask = 2147483647;
			files = (
			);
			inputPaths = (
			);
			name = "[CP] Check Pods Manifest.lock";
			outputPaths = (
			);
			runOnlyForDeploymentPostprocessing = 0;
			shellPath = /bin/sh;
			shellScript = "diff \"${PODS_ROOT}/../Podfile.lock\" \"${PODS_ROOT}/Manifest.lock\" > /dev/null\nif [ $? != 0 ] ; then\n    # print error to STDERR\n    echo \"error: The sandbox is not in sync with the Podfile.lock. Run 'pod install' or update your CocoaPods installation.\" >&2\n    exit 1\nfi\n";
			showEnvVarsInLog = 0;
		};
		9F2AFC87B608F2AC7606518C /* [CP] Copy Pods Resources */ = {
			isa = PBXShellScriptBuildPhase;
			buildActionMask = 2147483647;
			files = (
			);
			inputPaths = (
			);
			name = "[CP] Copy Pods Resources";
			outputPaths = (
			);
			runOnlyForDeploymentPostprocessing = 0;
			shellPath = /bin/sh;
			shellScript = "\"${SRCROOT}/Pods/Target Support Files/Pods-social_media_test/Pods-social_media_test-resources.sh\"\n";
			showEnvVarsInLog = 0;
		};
/* End PBXShellScriptBuildPhase section */

/* Begin PBXSourcesBuildPhase section */
		40C3EB8C1DDDF22D008C9820 /* Sources */ = {
			isa = PBXSourcesBuildPhase;
			buildActionMask = 2147483647;
			files = (
				7F8C2E451E063D7D000B1606 /* CircleView.swift in Sources */,
				407C9B141DE33A3800BD0EF3 /* FancyField.swift in Sources */,
				40C3EB961DDDF22D008C9820 /* SignInVC.swift in Sources */,
				407C9B121DE3388D00BD0EF3 /* RoundButton.swift in Sources */,
				407C9B161DE33B6400BD0EF3 /* FancyButton.swift in Sources */,
				7FD42CA41DF9764B0060101A /* FeedVC.swift in Sources */,
				40C3EB941DDDF22D008C9820 /* AppDelegate.swift in Sources */,
				407C9B0D1DE0EC3700BD0EF3 /* FancyView.swift in Sources */,
				407C9B101DE0ECC200BD0EF3 /* Constants.swift in Sources */,
				7F8C2E471E06AAA1000B1606 /* PostCell.swift in Sources */,
			);
			runOnlyForDeploymentPostprocessing = 0;
		};
/* End PBXSourcesBuildPhase section */

/* Begin PBXVariantGroup section */
		40C3EB971DDDF22E008C9820 /* Main.storyboard */ = {
			isa = PBXVariantGroup;
			children = (
				40C3EB981DDDF22E008C9820 /* Base */,
			);
			name = Main.storyboard;
			sourceTree = "<group>";
		};
		40C3EB9C1DDDF22E008C9820 /* LaunchScreen.storyboard */ = {
			isa = PBXVariantGroup;
			children = (
				40C3EB9D1DDDF22E008C9820 /* Base */,
			);
			name = LaunchScreen.storyboard;
			sourceTree = "<group>";
		};
/* End PBXVariantGroup section */

/* Begin XCBuildConfiguration section */
		40C3EBA01DDDF22E008C9820 /* Debug */ = {
			isa = XCBuildConfiguration;
			buildSettings = {
				ALWAYS_SEARCH_USER_PATHS = NO;
				CLANG_ANALYZER_NONNULL = YES;
				CLANG_CXX_LANGUAGE_STANDARD = "gnu++0x";
				CLANG_CXX_LIBRARY = "libc++";
				CLANG_ENABLE_MODULES = YES;
				CLANG_ENABLE_OBJC_ARC = YES;
				CLANG_WARN_BOOL_CONVERSION = YES;
				CLANG_WARN_CONSTANT_CONVERSION = YES;
				CLANG_WARN_DIRECT_OBJC_ISA_USAGE = YES_ERROR;
				CLANG_WARN_DOCUMENTATION_COMMENTS = YES;
				CLANG_WARN_EMPTY_BODY = YES;
				CLANG_WARN_ENUM_CONVERSION = YES;
				CLANG_WARN_INFINITE_RECURSION = YES;
				CLANG_WARN_INT_CONVERSION = YES;
				CLANG_WARN_OBJC_ROOT_CLASS = YES_ERROR;
				CLANG_WARN_SUSPICIOUS_MOVE = YES;
				CLANG_WARN_SUSPICIOUS_MOVES = YES;
				CLANG_WARN_UNREACHABLE_CODE = YES;
				CLANG_WARN__DUPLICATE_METHOD_MATCH = YES;
				"CODE_SIGN_IDENTITY[sdk=iphoneos*]" = "iPhone Developer";
				COPY_PHASE_STRIP = NO;
				DEBUG_INFORMATION_FORMAT = dwarf;
				ENABLE_STRICT_OBJC_MSGSEND = YES;
				ENABLE_TESTABILITY = YES;
				GCC_C_LANGUAGE_STANDARD = gnu99;
				GCC_DYNAMIC_NO_PIC = NO;
				GCC_NO_COMMON_BLOCKS = YES;
				GCC_OPTIMIZATION_LEVEL = 0;
				GCC_PREPROCESSOR_DEFINITIONS = (
					"DEBUG=1",
					"$(inherited)",
				);
				GCC_WARN_64_TO_32_BIT_CONVERSION = YES;
				GCC_WARN_ABOUT_RETURN_TYPE = YES_ERROR;
				GCC_WARN_UNDECLARED_SELECTOR = YES;
				GCC_WARN_UNINITIALIZED_AUTOS = YES_AGGRESSIVE;
				GCC_WARN_UNUSED_FUNCTION = YES;
				GCC_WARN_UNUSED_VARIABLE = YES;
				IPHONEOS_DEPLOYMENT_TARGET = 10.1;
				MTL_ENABLE_DEBUG_INFO = YES;
				ONLY_ACTIVE_ARCH = YES;
				SDKROOT = iphoneos;
				SWIFT_ACTIVE_COMPILATION_CONDITIONS = DEBUG;
				SWIFT_OPTIMIZATION_LEVEL = "-Onone";
				TARGETED_DEVICE_FAMILY = "1,2";
			};
			name = Debug;
		};
		40C3EBA11DDDF22E008C9820 /* Release */ = {
			isa = XCBuildConfiguration;
			buildSettings = {
				ALWAYS_SEARCH_USER_PATHS = NO;
				CLANG_ANALYZER_NONNULL = YES;
				CLANG_CXX_LANGUAGE_STANDARD = "gnu++0x";
				CLANG_CXX_LIBRARY = "libc++";
				CLANG_ENABLE_MODULES = YES;
				CLANG_ENABLE_OBJC_ARC = YES;
				CLANG_WARN_BOOL_CONVERSION = YES;
				CLANG_WARN_CONSTANT_CONVERSION = YES;
				CLANG_WARN_DIRECT_OBJC_ISA_USAGE = YES_ERROR;
				CLANG_WARN_DOCUMENTATION_COMMENTS = YES;
				CLANG_WARN_EMPTY_BODY = YES;
				CLANG_WARN_ENUM_CONVERSION = YES;
				CLANG_WARN_INFINITE_RECURSION = YES;
				CLANG_WARN_INT_CONVERSION = YES;
				CLANG_WARN_OBJC_ROOT_CLASS = YES_ERROR;
				CLANG_WARN_SUSPICIOUS_MOVE = YES;
				CLANG_WARN_SUSPICIOUS_MOVES = YES;
				CLANG_WARN_UNREACHABLE_CODE = YES;
				CLANG_WARN__DUPLICATE_METHOD_MATCH = YES;
				"CODE_SIGN_IDENTITY[sdk=iphoneos*]" = "iPhone Developer";
				COPY_PHASE_STRIP = NO;
				DEBUG_INFORMATION_FORMAT = "dwarf-with-dsym";
				ENABLE_NS_ASSERTIONS = NO;
				ENABLE_STRICT_OBJC_MSGSEND = YES;
				GCC_C_LANGUAGE_STANDARD = gnu99;
				GCC_NO_COMMON_BLOCKS = YES;
				GCC_WARN_64_TO_32_BIT_CONVERSION = YES;
				GCC_WARN_ABOUT_RETURN_TYPE = YES_ERROR;
				GCC_WARN_UNDECLARED_SELECTOR = YES;
				GCC_WARN_UNINITIALIZED_AUTOS = YES_AGGRESSIVE;
				GCC_WARN_UNUSED_FUNCTION = YES;
				GCC_WARN_UNUSED_VARIABLE = YES;
				IPHONEOS_DEPLOYMENT_TARGET = 10.1;
				MTL_ENABLE_DEBUG_INFO = NO;
				SDKROOT = iphoneos;
				SWIFT_OPTIMIZATION_LEVEL = "-Owholemodule";
				TARGETED_DEVICE_FAMILY = "1,2";
				VALIDATE_PRODUCT = YES;
			};
			name = Release;
		};
		40C3EBA31DDDF22E008C9820 /* Debug */ = {
			isa = XCBuildConfiguration;
			baseConfigurationReference = DD8B3A60EA312AB86050EED6 /* Pods-social_media_test.debug.xcconfig */;
			buildSettings = {
				ALWAYS_EMBED_SWIFT_STANDARD_LIBRARIES = YES;
				ASSETCATALOG_COMPILER_APPICON_NAME = AppIcon;
				CODE_SIGN_ENTITLEMENTS = social_media_test/social_media_test.entitlements;
				DEVELOPMENT_TEAM = U32Q9DB8SF;
				INFOPLIST_FILE = social_media_test/Info.plist;
				LD_RUNPATH_SEARCH_PATHS = "$(inherited) @executable_path/Frameworks";
				PRODUCT_BUNDLE_IDENTIFIER = "hd.study.ios.social-media-test";
				PRODUCT_NAME = "$(TARGET_NAME)";
				SWIFT_VERSION = 3.0;
			};
			name = Debug;
		};
		40C3EBA41DDDF22E008C9820 /* Release */ = {
			isa = XCBuildConfiguration;
			baseConfigurationReference = 19388684A85B7E6E5724E473 /* Pods-social_media_test.release.xcconfig */;
			buildSettings = {
				ALWAYS_EMBED_SWIFT_STANDARD_LIBRARIES = YES;
				ASSETCATALOG_COMPILER_APPICON_NAME = AppIcon;
				CODE_SIGN_ENTITLEMENTS = social_media_test/social_media_test.entitlements;
				DEVELOPMENT_TEAM = U32Q9DB8SF;
				INFOPLIST_FILE = social_media_test/Info.plist;
				LD_RUNPATH_SEARCH_PATHS = "$(inherited) @executable_path/Frameworks";
				PRODUCT_BUNDLE_IDENTIFIER = "hd.study.ios.social-media-test";
				PRODUCT_NAME = "$(TARGET_NAME)";
				SWIFT_VERSION = 3.0;
			};
			name = Release;
		};
/* End XCBuildConfiguration section */

/* Begin XCConfigurationList section */
		40C3EB8B1DDDF22D008C9820 /* Build configuration list for PBXProject "social_media_test" */ = {
			isa = XCConfigurationList;
			buildConfigurations = (
				40C3EBA01DDDF22E008C9820 /* Debug */,
				40C3EBA11DDDF22E008C9820 /* Release */,
			);
			defaultConfigurationIsVisible = 0;
			defaultConfigurationName = Release;
		};
		40C3EBA21DDDF22E008C9820 /* Build configuration list for PBXNativeTarget "social_media_test" */ = {
			isa = XCConfigurationList;
			buildConfigurations = (
				40C3EBA31DDDF22E008C9820 /* Debug */,
				40C3EBA41DDDF22E008C9820 /* Release */,
			);
			defaultConfigurationIsVisible = 0;
			defaultConfigurationName = Release;
		};
/* End XCConfigurationList section */
	};
	rootObject = 40C3EB881DDDF22D008C9820 /* Project object */;
}
